// !$*UTF8*$!
{
	archiveVersion = 1;
	classes = {
	};
	objectVersion = 56;
	objects = {

/* Begin PBXBuildFile section */
		788F3B0A2C20F0EC007B2685 /* ChenilleApp.swift in Sources */ = {isa = PBXBuildFile; fileRef = 788F3B092C20F0EC007B2685 /* ChenilleApp.swift */; };
		788F3B0C2C20F0EC007B2685 /* ContentView.swift in Sources */ = {isa = PBXBuildFile; fileRef = 788F3B0B2C20F0EC007B2685 /* ContentView.swift */; };
		788F3B0E2C20F0EC007B2685 /* Item.swift in Sources */ = {isa = PBXBuildFile; fileRef = 788F3B0D2C20F0EC007B2685 /* Item.swift */; };
		788F3B102C20F0EE007B2685 /* Assets.xcassets in Resources */ = {isa = PBXBuildFile; fileRef = 788F3B0F2C20F0EE007B2685 /* Assets.xcassets */; };
		788F3B132C20F0EE007B2685 /* Preview Assets.xcassets in Resources */ = {isa = PBXBuildFile; fileRef = 788F3B122C20F0EE007B2685 /* Preview Assets.xcassets */; };
		788F3B1D2C20F0EE007B2685 /* ChenilleTests.swift in Sources */ = {isa = PBXBuildFile; fileRef = 788F3B1C2C20F0EE007B2685 /* ChenilleTests.swift */; };
		788F3B272C20F0EE007B2685 /* ChenilleUITests.swift in Sources */ = {isa = PBXBuildFile; fileRef = 788F3B262C20F0EE007B2685 /* ChenilleUITests.swift */; };
		788F3B292C20F0EE007B2685 /* ChenilleUITestsLaunchTests.swift in Sources */ = {isa = PBXBuildFile; fileRef = 788F3B282C20F0EE007B2685 /* ChenilleUITestsLaunchTests.swift */; };
/* End PBXBuildFile section */

/* Begin PBXContainerItemProxy section */
		788F3B192C20F0EE007B2685 /* PBXContainerItemProxy */ = {
			isa = PBXContainerItemProxy;
			containerPortal = 788F3AFE2C20F0EC007B2685 /* Project object */;
			proxyType = 1;
			remoteGlobalIDString = 788F3B052C20F0EC007B2685;
			remoteInfo = Chenille;
		};
		788F3B232C20F0EE007B2685 /* PBXContainerItemProxy */ = {
			isa = PBXContainerItemProxy;
			containerPortal = 788F3AFE2C20F0EC007B2685 /* Project object */;
			proxyType = 1;
			remoteGlobalIDString = 788F3B052C20F0EC007B2685;
			remoteInfo = Chenille;
		};
/* End PBXContainerItemProxy section */

/* Begin PBXFileReference section */
		788F3B062C20F0EC007B2685 /* Chenille.app */ = {isa = PBXFileReference; explicitFileType = wrapper.application; includeInIndex = 0; path = Chenille.app; sourceTree = BUILT_PRODUCTS_DIR; };
		788F3B092C20F0EC007B2685 /* ChenilleApp.swift */ = {isa = PBXFileReference; lastKnownFileType = sourcecode.swift; path = ChenilleApp.swift; sourceTree = "<group>"; };
		788F3B0B2C20F0EC007B2685 /* ContentView.swift */ = {isa = PBXFileReference; lastKnownFileType = sourcecode.swift; path = ContentView.swift; sourceTree = "<group>"; };
		788F3B0D2C20F0EC007B2685 /* Item.swift */ = {isa = PBXFileReference; lastKnownFileType = sourcecode.swift; path = Item.swift; sourceTree = "<group>"; };
		788F3B0F2C20F0EE007B2685 /* Assets.xcassets */ = {isa = PBXFileReference; lastKnownFileType = folder.assetcatalog; path = Assets.xcassets; sourceTree = "<group>"; };
		788F3B122C20F0EE007B2685 /* Preview Assets.xcassets */ = {isa = PBXFileReference; lastKnownFileType = folder.assetcatalog; path = "Preview Assets.xcassets"; sourceTree = "<group>"; };
		788F3B182C20F0EE007B2685 /* ChenilleTests.xctest */ = {isa = PBXFileReference; explicitFileType = wrapper.cfbundle; includeInIndex = 0; path = ChenilleTests.xctest; sourceTree = BUILT_PRODUCTS_DIR; };
		788F3B1C2C20F0EE007B2685 /* ChenilleTests.swift */ = {isa = PBXFileReference; lastKnownFileType = sourcecode.swift; path = ChenilleTests.swift; sourceTree = "<group>"; };
		788F3B222C20F0EE007B2685 /* ChenilleUITests.xctest */ = {isa = PBXFileReference; explicitFileType = wrapper.cfbundle; includeInIndex = 0; path = ChenilleUITests.xctest; sourceTree = BUILT_PRODUCTS_DIR; };
		788F3B262C20F0EE007B2685 /* ChenilleUITests.swift */ = {isa = PBXFileReference; lastKnownFileType = sourcecode.swift; path = ChenilleUITests.swift; sourceTree = "<group>"; };
		788F3B282C20F0EE007B2685 /* ChenilleUITestsLaunchTests.swift */ = {isa = PBXFileReference; lastKnownFileType = sourcecode.swift; path = ChenilleUITestsLaunchTests.swift; sourceTree = "<group>"; };
/* End PBXFileReference section */

/* Begin PBXFrameworksBuildPhase section */
		788F3B032C20F0EC007B2685 /* Frameworks */ = {
			isa = PBXFrameworksBuildPhase;
			buildActionMask = 2147483647;
			files = (
			);
			runOnlyForDeploymentPostprocessing = 0;
		};
		788F3B152C20F0EE007B2685 /* Frameworks */ = {
			isa = PBXFrameworksBuildPhase;
			buildActionMask = 2147483647;
			files = (
			);
			runOnlyForDeploymentPostprocessing = 0;
		};
		788F3B1F2C20F0EE007B2685 /* Frameworks */ = {
			isa = PBXFrameworksBuildPhase;
			buildActionMask = 2147483647;
			files = (
			);
			runOnlyForDeploymentPostprocessing = 0;
		};
/* End PBXFrameworksBuildPhase section */

/* Begin PBXGroup section */
		788F3AFD2C20F0EC007B2685 = {
			isa = PBXGroup;
			children = (
				788F3B082C20F0EC007B2685 /* Chenille */,
				788F3B1B2C20F0EE007B2685 /* ChenilleTests */,
				788F3B252C20F0EE007B2685 /* ChenilleUITests */,
				788F3B072C20F0EC007B2685 /* Products */,
			);
			sourceTree = "<group>";
		};
		788F3B072C20F0EC007B2685 /* Products */ = {
			isa = PBXGroup;
			children = (
				788F3B062C20F0EC007B2685 /* Chenille.app */,
				788F3B182C20F0EE007B2685 /* ChenilleTests.xctest */,
				788F3B222C20F0EE007B2685 /* ChenilleUITests.xctest */,
			);
			name = Products;
			sourceTree = "<group>";
		};
		788F3B082C20F0EC007B2685 /* Chenille */ = {
			isa = PBXGroup;
			children = (
				788F3B092C20F0EC007B2685 /* ChenilleApp.swift */,
				788F3B0B2C20F0EC007B2685 /* ContentView.swift */,
				788F3B0D2C20F0EC007B2685 /* Item.swift */,
				788F3B0F2C20F0EE007B2685 /* Assets.xcassets */,
				788F3B112C20F0EE007B2685 /* Preview Content */,
			);
			path = Chenille;
			sourceTree = "<group>";
		};
		788F3B112C20F0EE007B2685 /* Preview Content */ = {
			isa = PBXGroup;
			children = (
				788F3B122C20F0EE007B2685 /* Preview Assets.xcassets */,
			);
			path = "Preview Content";
			sourceTree = "<group>";
		};
		788F3B1B2C20F0EE007B2685 /* ChenilleTests */ = {
			isa = PBXGroup;
			children = (
				788F3B1C2C20F0EE007B2685 /* ChenilleTests.swift */,
			);
			path = ChenilleTests;
			sourceTree = "<group>";
		};
		788F3B252C20F0EE007B2685 /* ChenilleUITests */ = {
			isa = PBXGroup;
			children = (
				788F3B262C20F0EE007B2685 /* ChenilleUITests.swift */,
				788F3B282C20F0EE007B2685 /* ChenilleUITestsLaunchTests.swift */,
			);
			path = ChenilleUITests;
			sourceTree = "<group>";
		};
/* End PBXGroup section */

/* Begin PBXNativeTarget section */
		788F3B052C20F0EC007B2685 /* Chenille */ = {
			isa = PBXNativeTarget;
			buildConfigurationList = 788F3B2C2C20F0EE007B2685 /* Build configuration list for PBXNativeTarget "Chenille" */;
			buildPhases = (
				788F3B022C20F0EC007B2685 /* Sources */,
				788F3B032C20F0EC007B2685 /* Frameworks */,
				788F3B042C20F0EC007B2685 /* Resources */,
			);
			buildRules = (
			);
			dependencies = (
			);
			name = Chenille;
			productName = Chenille;
			productReference = 788F3B062C20F0EC007B2685 /* Chenille.app */;
			productType = "com.apple.product-type.application";
		};
		788F3B172C20F0EE007B2685 /* ChenilleTests */ = {
			isa = PBXNativeTarget;
			buildConfigurationList = 788F3B2F2C20F0EE007B2685 /* Build configuration list for PBXNativeTarget "ChenilleTests" */;
			buildPhases = (
				788F3B142C20F0EE007B2685 /* Sources */,
				788F3B152C20F0EE007B2685 /* Frameworks */,
				788F3B162C20F0EE007B2685 /* Resources */,
			);
			buildRules = (
			);
			dependencies = (
				788F3B1A2C20F0EE007B2685 /* PBXTargetDependency */,
			);
			name = ChenilleTests;
			productName = ChenilleTests;
			productReference = 788F3B182C20F0EE007B2685 /* ChenilleTests.xctest */;
			productType = "com.apple.product-type.bundle.unit-test";
		};
		788F3B212C20F0EE007B2685 /* ChenilleUITests */ = {
			isa = PBXNativeTarget;
			buildConfigurationList = 788F3B322C20F0EE007B2685 /* Build configuration list for PBXNativeTarget "ChenilleUITests" */;
			buildPhases = (
				788F3B1E2C20F0EE007B2685 /* Sources */,
				788F3B1F2C20F0EE007B2685 /* Frameworks */,
				788F3B202C20F0EE007B2685 /* Resources */,
			);
			buildRules = (
			);
			dependencies = (
				788F3B242C20F0EE007B2685 /* PBXTargetDependency */,
			);
			name = ChenilleUITests;
			productName = ChenilleUITests;
			productReference = 788F3B222C20F0EE007B2685 /* ChenilleUITests.xctest */;
			productType = "com.apple.product-type.bundle.ui-testing";
		};
/* End PBXNativeTarget section */

/* Begin PBXProject section */
		788F3AFE2C20F0EC007B2685 /* Project object */ = {
			isa = PBXProject;
			attributes = {
				BuildIndependentTargetsInParallel = 1;
				LastSwiftUpdateCheck = 1540;
				LastUpgradeCheck = 1540;
				TargetAttributes = {
					788F3B052C20F0EC007B2685 = {
						CreatedOnToolsVersion = 15.4;
					};
					788F3B172C20F0EE007B2685 = {
						CreatedOnToolsVersion = 15.4;
						TestTargetID = 788F3B052C20F0EC007B2685;
					};
					788F3B212C20F0EE007B2685 = {
						CreatedOnToolsVersion = 15.4;
						TestTargetID = 788F3B052C20F0EC007B2685;
					};
				};
			};
			buildConfigurationList = 788F3B012C20F0EC007B2685 /* Build configuration list for PBXProject "Chenille" */;
			compatibilityVersion = "Xcode 14.0";
			developmentRegion = en;
			hasScannedForEncodings = 0;
			knownRegions = (
				en,
				Base,
			);
			mainGroup = 788F3AFD2C20F0EC007B2685;
			productRefGroup = 788F3B072C20F0EC007B2685 /* Products */;
			projectDirPath = "";
			projectRoot = "";
			targets = (
				788F3B052C20F0EC007B2685 /* Chenille */,
				788F3B172C20F0EE007B2685 /* ChenilleTests */,
				788F3B212C20F0EE007B2685 /* ChenilleUITests */,
			);
		};
/* End PBXProject section */

/* Begin PBXResourcesBuildPhase section */
		788F3B042C20F0EC007B2685 /* Resources */ = {
			isa = PBXResourcesBuildPhase;
			buildActionMask = 2147483647;
			files = (
				788F3B132C20F0EE007B2685 /* Preview Assets.xcassets in Resources */,
				788F3B102C20F0EE007B2685 /* Assets.xcassets in Resources */,
			);
			runOnlyForDeploymentPostprocessing = 0;
		};
		788F3B162C20F0EE007B2685 /* Resources */ = {
			isa = PBXResourcesBuildPhase;
			buildActionMask = 2147483647;
			files = (
			);
			runOnlyForDeploymentPostprocessing = 0;
		};
		788F3B202C20F0EE007B2685 /* Resources */ = {
			isa = PBXResourcesBuildPhase;
			buildActionMask = 2147483647;
			files = (
			);
			runOnlyForDeploymentPostprocessing = 0;
		};
/* End PBXResourcesBuildPhase section */

/* Begin PBXSourcesBuildPhase section */
		788F3B022C20F0EC007B2685 /* Sources */ = {
			isa = PBXSourcesBuildPhase;
			buildActionMask = 2147483647;
			files = (
				788F3B0C2C20F0EC007B2685 /* ContentView.swift in Sources */,
				788F3B0E2C20F0EC007B2685 /* Item.swift in Sources */,
				788F3B0A2C20F0EC007B2685 /* ChenilleApp.swift in Sources */,
			);
			runOnlyForDeploymentPostprocessing = 0;
		};
		788F3B142C20F0EE007B2685 /* Sources */ = {
			isa = PBXSourcesBuildPhase;
			buildActionMask = 2147483647;
			files = (
				788F3B1D2C20F0EE007B2685 /* ChenilleTests.swift in Sources */,
			);
			runOnlyForDeploymentPostprocessing = 0;
		};
		788F3B1E2C20F0EE007B2685 /* Sources */ = {
			isa = PBXSourcesBuildPhase;
			buildActionMask = 2147483647;
			files = (
				788F3B292C20F0EE007B2685 /* ChenilleUITestsLaunchTests.swift in Sources */,
				788F3B272C20F0EE007B2685 /* ChenilleUITests.swift in Sources */,
			);
			runOnlyForDeploymentPostprocessing = 0;
		};
/* End PBXSourcesBuildPhase section */

/* Begin PBXTargetDependency section */
		788F3B1A2C20F0EE007B2685 /* PBXTargetDependency */ = {
			isa = PBXTargetDependency;
			target = 788F3B052C20F0EC007B2685 /* Chenille */;
			targetProxy = 788F3B192C20F0EE007B2685 /* PBXContainerItemProxy */;
		};
		788F3B242C20F0EE007B2685 /* PBXTargetDependency */ = {
			isa = PBXTargetDependency;
			target = 788F3B052C20F0EC007B2685 /* Chenille */;
			targetProxy = 788F3B232C20F0EE007B2685 /* PBXContainerItemProxy */;
		};
/* End PBXTargetDependency section */

/* Begin XCBuildConfiguration section */
		788F3B2A2C20F0EE007B2685 /* Debug */ = {
			isa = XCBuildConfiguration;
			buildSettings = {
				ALWAYS_SEARCH_USER_PATHS = NO;
				ASSETCATALOG_COMPILER_GENERATE_SWIFT_ASSET_SYMBOL_EXTENSIONS = YES;
				CLANG_ANALYZER_NONNULL = YES;
				CLANG_ANALYZER_NUMBER_OBJECT_CONVERSION = YES_AGGRESSIVE;
				CLANG_CXX_LANGUAGE_STANDARD = "gnu++20";
				CLANG_ENABLE_MODULES = YES;
				CLANG_ENABLE_OBJC_ARC = YES;
				CLANG_ENABLE_OBJC_WEAK = YES;
				CLANG_WARN_BLOCK_CAPTURE_AUTORELEASING = YES;
				CLANG_WARN_BOOL_CONVERSION = YES;
				CLANG_WARN_COMMA = YES;
				CLANG_WARN_CONSTANT_CONVERSION = YES;
				CLANG_WARN_DEPRECATED_OBJC_IMPLEMENTATIONS = YES;
				CLANG_WARN_DIRECT_OBJC_ISA_USAGE = YES_ERROR;
				CLANG_WARN_DOCUMENTATION_COMMENTS = YES;
				CLANG_WARN_EMPTY_BODY = YES;
				CLANG_WARN_ENUM_CONVERSION = YES;
				CLANG_WARN_INFINITE_RECURSION = YES;
				CLANG_WARN_INT_CONVERSION = YES;
				CLANG_WARN_NON_LITERAL_NULL_CONVERSION = YES;
				CLANG_WARN_OBJC_IMPLICIT_RETAIN_SELF = YES;
				CLANG_WARN_OBJC_LITERAL_CONVERSION = YES;
				CLANG_WARN_OBJC_ROOT_CLASS = YES_ERROR;
				CLANG_WARN_QUOTED_INCLUDE_IN_FRAMEWORK_HEADER = YES;
				CLANG_WARN_RANGE_LOOP_ANALYSIS = YES;
				CLANG_WARN_STRICT_PROTOTYPES = YES;
				CLANG_WARN_SUSPICIOUS_MOVE = YES;
				CLANG_WARN_UNGUARDED_AVAILABILITY = YES_AGGRESSIVE;
				CLANG_WARN_UNREACHABLE_CODE = YES;
				CLANG_WARN__DUPLICATE_METHOD_MATCH = YES;
				COPY_PHASE_STRIP = NO;
				DEBUG_INFORMATION_FORMAT = dwarf;
				ENABLE_STRICT_OBJC_MSGSEND = YES;
				ENABLE_TESTABILITY = YES;
				ENABLE_USER_SCRIPT_SANDBOXING = YES;
				GCC_C_LANGUAGE_STANDARD = gnu17;
				GCC_DYNAMIC_NO_PIC = NO;
				GCC_NO_COMMON_BLOCKS = YES;
				GCC_OPTIMIZATION_LEVEL = 0;
				GCC_PREPROCESSOR_DEFINITIONS = (
					"DEBUG=1",
					"$(inherited)",
				);
				GCC_WARN_64_TO_32_BIT_CONVERSION = YES;
				GCC_WARN_ABOUT_RETURN_TYPE = YES_ERROR;
				GCC_WARN_UNDECLARED_SELECTOR = YES;
				GCC_WARN_UNINITIALIZED_AUTOS = YES_AGGRESSIVE;
				GCC_WARN_UNUSED_FUNCTION = YES;
				GCC_WARN_UNUSED_VARIABLE = YES;
				IPHONEOS_DEPLOYMENT_TARGET = 17.5;
				LOCALIZATION_PREFERS_STRING_CATALOGS = YES;
				MTL_ENABLE_DEBUG_INFO = INCLUDE_SOURCE;
				MTL_FAST_MATH = YES;
				ONLY_ACTIVE_ARCH = YES;
				SDKROOT = iphoneos;
				SWIFT_ACTIVE_COMPILATION_CONDITIONS = "DEBUG $(inherited)";
				SWIFT_OPTIMIZATION_LEVEL = "-Onone";
			};
			name = Debug;
		};
		788F3B2B2C20F0EE007B2685 /* Release */ = {
			isa = XCBuildConfiguration;
			buildSettings = {
				ALWAYS_SEARCH_USER_PATHS = NO;
				ASSETCATALOG_COMPILER_GENERATE_SWIFT_ASSET_SYMBOL_EXTENSIONS = YES;
				CLANG_ANALYZER_NONNULL = YES;
				CLANG_ANALYZER_NUMBER_OBJECT_CONVERSION = YES_AGGRESSIVE;
				CLANG_CXX_LANGUAGE_STANDARD = "gnu++20";
				CLANG_ENABLE_MODULES = YES;
				CLANG_ENABLE_OBJC_ARC = YES;
				CLANG_ENABLE_OBJC_WEAK = YES;
				CLANG_WARN_BLOCK_CAPTURE_AUTORELEASING = YES;
				CLANG_WARN_BOOL_CONVERSION = YES;
				CLANG_WARN_COMMA = YES;
				CLANG_WARN_CONSTANT_CONVERSION = YES;
				CLANG_WARN_DEPRECATED_OBJC_IMPLEMENTATIONS = YES;
				CLANG_WARN_DIRECT_OBJC_ISA_USAGE = YES_ERROR;
				CLANG_WARN_DOCUMENTATION_COMMENTS = YES;
				CLANG_WARN_EMPTY_BODY = YES;
				CLANG_WARN_ENUM_CONVERSION = YES;
				CLANG_WARN_INFINITE_RECURSION = YES;
				CLANG_WARN_INT_CONVERSION = YES;
				CLANG_WARN_NON_LITERAL_NULL_CONVERSION = YES;
				CLANG_WARN_OBJC_IMPLICIT_RETAIN_SELF = YES;
				CLANG_WARN_OBJC_LITERAL_CONVERSION = YES;
				CLANG_WARN_OBJC_ROOT_CLASS = YES_ERROR;
				CLANG_WARN_QUOTED_INCLUDE_IN_FRAMEWORK_HEADER = YES;
				CLANG_WARN_RANGE_LOOP_ANALYSIS = YES;
				CLANG_WARN_STRICT_PROTOTYPES = YES;
				CLANG_WARN_SUSPICIOUS_MOVE = YES;
				CLANG_WARN_UNGUARDED_AVAILABILITY = YES_AGGRESSIVE;
				CLANG_WARN_UNREACHABLE_CODE = YES;
				CLANG_WARN__DUPLICATE_METHOD_MATCH = YES;
				COPY_PHASE_STRIP = NO;
				DEBUG_INFORMATION_FORMAT = "dwarf-with-dsym";
				ENABLE_NS_ASSERTIONS = NO;
				ENABLE_STRICT_OBJC_MSGSEND = YES;
				ENABLE_USER_SCRIPT_SANDBOXING = YES;
				GCC_C_LANGUAGE_STANDARD = gnu17;
				GCC_NO_COMMON_BLOCKS = YES;
				GCC_WARN_64_TO_32_BIT_CONVERSION = YES;
				GCC_WARN_ABOUT_RETURN_TYPE = YES_ERROR;
				GCC_WARN_UNDECLARED_SELECTOR = YES;
				GCC_WARN_UNINITIALIZED_AUTOS = YES_AGGRESSIVE;
				GCC_WARN_UNUSED_FUNCTION = YES;
				GCC_WARN_UNUSED_VARIABLE = YES;
				IPHONEOS_DEPLOYMENT_TARGET = 17.5;
				LOCALIZATION_PREFERS_STRING_CATALOGS = YES;
				MTL_ENABLE_DEBUG_INFO = NO;
				MTL_FAST_MATH = YES;
				SDKROOT = iphoneos;
				SWIFT_COMPILATION_MODE = wholemodule;
				VALIDATE_PRODUCT = YES;
			};
			name = Release;
		};
		788F3B2D2C20F0EE007B2685 /* Debug */ = {
			isa = XCBuildConfiguration;
			buildSettings = {
				ASSETCATALOG_COMPILER_APPICON_NAME = AppIcon;
				ASSETCATALOG_COMPILER_GLOBAL_ACCENT_COLOR_NAME = AccentColor;
				CODE_SIGN_STYLE = Automatic;
				CURRENT_PROJECT_VERSION = 1;
				DEVELOPMENT_ASSET_PATHS = "\"Chenille/Preview Content\"";
				ENABLE_PREVIEWS = YES;
				GENERATE_INFOPLIST_FILE = YES;
				INFOPLIST_KEY_UIApplicationSceneManifest_Generation = YES;
				INFOPLIST_KEY_UIApplicationSupportsIndirectInputEvents = YES;
				INFOPLIST_KEY_UILaunchScreen_Generation = YES;
				INFOPLIST_KEY_UISupportedInterfaceOrientations_iPad = "UIInterfaceOrientationPortrait UIInterfaceOrientationPortraitUpsideDown UIInterfaceOrientationLandscapeLeft UIInterfaceOrientationLandscapeRight";
				INFOPLIST_KEY_UISupportedInterfaceOrientations_iPhone = "UIInterfaceOrientationPortrait UIInterfaceOrientationLandscapeLeft UIInterfaceOrientationLandscapeRight";
				LD_RUNPATH_SEARCH_PATHS = (
					"$(inherited)",
					"@executable_path/Frameworks",
				);
				MARKETING_VERSION = 1.0;
				PRODUCT_BUNDLE_IDENTIFIER = com.zizibee.Chenille;
				PRODUCT_NAME = "$(TARGET_NAME)";
				SWIFT_EMIT_LOC_STRINGS = YES;
				SWIFT_VERSION = 5.0;
				TARGETED_DEVICE_FAMILY = "1,2";
			};
			name = Debug;
		};
		788F3B2E2C20F0EE007B2685 /* Release */ = {
			isa = XCBuildConfiguration;
			buildSettings = {
				ASSETCATALOG_COMPILER_APPICON_NAME = AppIcon;
				ASSETCATALOG_COMPILER_GLOBAL_ACCENT_COLOR_NAME = AccentColor;
				CODE_SIGN_STYLE = Automatic;
				CURRENT_PROJECT_VERSION = 1;
				DEVELOPMENT_ASSET_PATHS = "\"Chenille/Preview Content\"";
				ENABLE_PREVIEWS = YES;
				GENERATE_INFOPLIST_FILE = YES;
				INFOPLIST_KEY_UIApplicationSceneManifest_Generation = YES;
				INFOPLIST_KEY_UIApplicationSupportsIndirectInputEvents = YES;
				INFOPLIST_KEY_UILaunchScreen_Generation = YES;
				INFOPLIST_KEY_UISupportedInterfaceOrientations_iPad = "UIInterfaceOrientationPortrait UIInterfaceOrientationPortraitUpsideDown UIInterfaceOrientationLandscapeLeft UIInterfaceOrientationLandscapeRight";
				INFOPLIST_KEY_UISupportedInterfaceOrientations_iPhone = "UIInterfaceOrientationPortrait UIInterfaceOrientationLandscapeLeft UIInterfaceOrientationLandscapeRight";
				LD_RUNPATH_SEARCH_PATHS = (
					"$(inherited)",
					"@executable_path/Frameworks",
				);
				MARKETING_VERSION = 1.0;
				PRODUCT_BUNDLE_IDENTIFIER = com.zizibee.Chenille;
				PRODUCT_NAME = "$(TARGET_NAME)";
				SWIFT_EMIT_LOC_STRINGS = YES;
				SWIFT_VERSION = 5.0;
				TARGETED_DEVICE_FAMILY = "1,2";
			};
			name = Release;
		};
		788F3B302C20F0EE007B2685 /* Debug */ = {
			isa = XCBuildConfiguration;
			buildSettings = {
				ALWAYS_EMBED_SWIFT_STANDARD_LIBRARIES = YES;
				BUNDLE_LOADER = "$(TEST_HOST)";
				CODE_SIGN_STYLE = Automatic;
				CURRENT_PROJECT_VERSION = 1;
				GENERATE_INFOPLIST_FILE = YES;
				IPHONEOS_DEPLOYMENT_TARGET = 17.5;
				MARKETING_VERSION = 1.0;
				PRODUCT_BUNDLE_IDENTIFIER = com.zizibee.ChenilleTests;
				PRODUCT_NAME = "$(TARGET_NAME)";
				SWIFT_EMIT_LOC_STRINGS = NO;
				SWIFT_VERSION = 5.0;
				TARGETED_DEVICE_FAMILY = "1,2";
				TEST_HOST = "$(BUILT_PRODUCTS_DIR)/Chenille.app/$(BUNDLE_EXECUTABLE_FOLDER_PATH)/Chenille";
			};
			name = Debug;
		};
		788F3B312C20F0EE007B2685 /* Release */ = {
			isa = XCBuildConfiguration;
			buildSettings = {
				ALWAYS_EMBED_SWIFT_STANDARD_LIBRARIES = YES;
				BUNDLE_LOADER = "$(TEST_HOST)";
				CODE_SIGN_STYLE = Automatic;
				CURRENT_PROJECT_VERSION = 1;
				GENERATE_INFOPLIST_FILE = YES;
				IPHONEOS_DEPLOYMENT_TARGET = 17.5;
				MARKETING_VERSION = 1.0;
				PRODUCT_BUNDLE_IDENTIFIER = com.zizibee.ChenilleTests;
				PRODUCT_NAME = "$(TARGET_NAME)";
				SWIFT_EMIT_LOC_STRINGS = NO;
				SWIFT_VERSION = 5.0;
				TARGETED_DEVICE_FAMILY = "1,2";
				TEST_HOST = "$(BUILT_PRODUCTS_DIR)/Chenille.app/$(BUNDLE_EXECUTABLE_FOLDER_PATH)/Chenille";
			};
			name = Release;
		};
		788F3B332C20F0EE007B2685 /* Debug */ = {
			isa = XCBuildConfiguration;
			buildSettings = {
				ALWAYS_EMBED_SWIFT_STANDARD_LIBRARIES = YES;
				CODE_SIGN_STYLE = Automatic;
				CURRENT_PROJECT_VERSION = 1;
				GENERATE_INFOPLIST_FILE = YES;
				MARKETING_VERSION = 1.0;
				PRODUCT_BUNDLE_IDENTIFIER = com.zizibee.ChenilleUITests;
				PRODUCT_NAME = "$(TARGET_NAME)";
				SWIFT_EMIT_LOC_STRINGS = NO;
				SWIFT_VERSION = 5.0;
				TARGETED_DEVICE_FAMILY = "1,2";
				TEST_TARGET_NAME = Chenille;
			};
			name = Debug;
		};
		788F3B342C20F0EE007B2685 /* Release */ = {
			isa = XCBuildConfiguration;
			buildSettings = {
				ALWAYS_EMBED_SWIFT_STANDARD_LIBRARIES = YES;
				CODE_SIGN_STYLE = Automatic;
				CURRENT_PROJECT_VERSION = 1;
				GENERATE_INFOPLIST_FILE = YES;
				MARKETING_VERSION = 1.0;
				PRODUCT_BUNDLE_IDENTIFIER = com.zizibee.ChenilleUITests;
				PRODUCT_NAME = "$(TARGET_NAME)";
				SWIFT_EMIT_LOC_STRINGS = NO;
				SWIFT_VERSION = 5.0;
				TARGETED_DEVICE_FAMILY = "1,2";
				TEST_TARGET_NAME = Chenille;
			};
			name = Release;
		};
/* End XCBuildConfiguration section */

/* Begin XCConfigurationList section */
		788F3B012C20F0EC007B2685 /* Build configuration list for PBXProject "Chenille" */ = {
			isa = XCConfigurationList;
			buildConfigurations = (
				788F3B2A2C20F0EE007B2685 /* Debug */,
				788F3B2B2C20F0EE007B2685 /* Release */,
			);
			defaultConfigurationIsVisible = 0;
			defaultConfigurationName = Release;
		};
		788F3B2C2C20F0EE007B2685 /* Build configuration list for PBXNativeTarget "Chenille" */ = {
			isa = XCConfigurationList;
			buildConfigurations = (
				788F3B2D2C20F0EE007B2685 /* Debug */,
				788F3B2E2C20F0EE007B2685 /* Release */,
			);
			defaultConfigurationIsVisible = 0;
			defaultConfigurationName = Release;
		};
		788F3B2F2C20F0EE007B2685 /* Build configuration list for PBXNativeTarget "ChenilleTests" */ = {
			isa = XCConfigurationList;
			buildConfigurations = (
				788F3B302C20F0EE007B2685 /* Debug */,
				788F3B312C20F0EE007B2685 /* Release */,
			);
			defaultConfigurationIsVisible = 0;
			defaultConfigurationName = Release;
		};
		788F3B322C20F0EE007B2685 /* Build configuration list for PBXNativeTarget "ChenilleUITests" */ = {
			isa = XCConfigurationList;
			buildConfigurations = (
				788F3B332C20F0EE007B2685 /* Debug */,
				788F3B342C20F0EE007B2685 /* Release */,
			);
			defaultConfigurationIsVisible = 0;
			defaultConfigurationName = Release;
		};
/* End XCConfigurationList section */
	};
	rootObject = 788F3AFE2C20F0EC007B2685 /* Project object */;
}
